# This file was autogenerated by uv via the following command:
#    uv pip compile requirements.in -o requirements.lock --python .venv/bin/python
arch==8.0.0
    # via -r requirements.in
ast-serialize==0.12.1
    # via mypy
certifi==2026.7.22
    # via requests
charset-normalizer==3.5.2
    # via requests
cloudpickle==3.1.2
    # via
    #   joblib
    #   shap
coverage==7.16.2
    # via pytest-cov
et-xmlfile==2.0.0
    # via openpyxl
formulaic==1.2.2
    # via statsmodels
hmmlearn==0.3.3
    # via -r requirements.in
hypothesis==6.168.4
    # via -r requirements.in
idna==3.20
    # via requests
iniconfig==2.3.0
    # via pytest
interface-meta==2.0.1
    # via formulaic
joblib==1.6.0
    # via scikit-learn
librt==0.16.0
    # via mypy
lightgbm==4.7.0
    # via -r requirements.in
llvmlite==0.50.0
    # via
    #   numba
    #   shap
mypy==2.4.0
    # via -r requirements.in
mypy-extensions==1.1.0
    # via mypy
narwhals==2.26.0
    # via
    #   formulaic
    #   lightgbm
    #   scikit-learn
numba==0.68.0
    # via shap
numpy==2.5.3
    # via
    #   -r requirements.in
    #   arch
    #   formulaic
    #   hmmlearn
    #   lightgbm
    #   numba
    #   pandas
    #   pandas-stubs
    #   patsy
    #   scikit-learn
    #   scipy
    #   shap
    #   statsmodels
openpyxl==3.1.5
    # via -r requirements.in
packaging==26.3
    # via
    #   arch
    #   patsy
    #   pytest
    #   shap
    #   statsmodels
pandas==3.0.6
    # via
    #   -r requirements.in
    #   arch
    #   formulaic
    #   shap
    #   statsmodels
pandas-stubs==3.0.5.260914
    # via -r requirements.in
pathspec==1.1.1
    # via mypy
patsy==1.0.3
    # via statsmodels
pluggy==1.6.0
    # via
    #   pytest
    #   pytest-cov
pyarrow==25.0.1
    # via -r requirements.in
pygments==2.21.0
    # via pytest
pytest==9.1.1
    # via
    #   -r requirements.in
    #   pytest-cov
pytest-cov==7.1.0
    # via -r requirements.in
python-dateutil==2.9.0.post0
    # via pandas
pyyaml==6.0.3
    # via -r requirements.in
requests==2.34.2
    # via -r requirements.in
ruff==0.16.10
    # via -r requirements.in
scikit-learn==1.9.1
    # via
    #   -r requirements.in
    #   hmmlearn
    #   shap
scipy==1.18.1
    # via
    #   -r requirements.in
    #   arch
    #   formulaic
    #   hmmlearn
    #   lightgbm
    #   scikit-learn
    #   shap
    #   statsmodels
shap==0.52.0
    # via -r requirements.in
six==1.17.0
    # via python-dateutil
slicer==0.0.8
    # via shap
sortedcontainers==2.4.0
    # via hypothesis
statsmodels==0.15.0
    # via
    #   -r requirements.in
    #   arch
threadpoolctl==3.7.0
    # via scikit-learn
tqdm==4.70.1
    # via shap
types-pyyaml==6.0.12.20260906
    # via -r requirements.in
types-requests==2.33.0.20260906
    # via -r requirements.in
typing-extensions==4.16.0
    # via
    #   formulaic
    #   mypy
urllib3==2.8.0
    # via
    #   requests
    #   types-requests
wrapt==2.5.0
    # via formulaic
xlrd==2.0.2
    # via -r requirements.in
